
Microsoft Visual Studio Solution File, Format Version 12.00
# Visual Studio Version 17
VisualStudioVersion = 17.4.33213.308
MinimumVisualStudioVersion = 10.0.40219.1
Project("{FAE04EC0-301F-11D3-BF4B-00C04F79EFBC}") = "ExpenseApp", "ExpenseApp\ExpenseApp.csproj", "{59CF805F-8B33-4D38-A5A5-4F92EB77C6BE}"
EndProject
Global
	GlobalSection(SolutionConfigurationPlatforms) = preSolution
		Debug|Any CPU = Debug|Any CPU
		Release|Any CPU = Release|Any CPU
	EndGlobalSection
	GlobalSection(ProjectConfigurationPlatforms) = postSolution
		{59CF805F-8B33-4D38-A5A5-4F92EB77C6BE}.Debug|Any CPU.ActiveCfg = Debug|Any CPU
		{59CF805F-8B33-4D38-A5A5-4F92EB77C6BE}.Debug|Any CPU.Build.0 = Debug|Any CPU
		{59CF805F-8B33-4D38-A5A5-4F92EB77C6BE}.Release|Any CPU.ActiveCfg = Release|Any CPU
		{59CF805F-8B33-4D38-A5A5-4F92EB77C6BE}.Release|Any CPU.Build.0 = Release|Any CPU
	EndGlobalSection
	GlobalSection(SolutionProperties) = preSolution
		HideSolutionNode = FALSE
	EndGlobalSection
	GlobalSection(ExtensibilityGlobals) = postSolution
		SolutionGuid = {77290504-6910-46AB-B627-A4691492CE07}
	EndGlobalSection
EndGlobal
